
Microsoft Visual Studio Solution File, Format Version 12.00
# Visual Studio Version 16
VisualStudioVersion = 16.0.29123.89
MinimumVisualStudioVersion = 10.0.40219.1
Project("{FAE04EC0-301F-11D3-BF4B-00C04F79EFBC}") = "OOP_LAB_2", "OOP_LAB_2.csproj", "{91C9DB9A-22E7-431D-B4DE-B6805D4635F5}"
EndProject
Global
	GlobalSection(SolutionConfigurationPlatforms) = preSolution
		Debug|Any CPU = Debug|Any CPU
		Release|Any CPU = Release|Any CPU
	EndGlobalSection
	GlobalSection(ProjectConfigurationPlatforms) = postSolution
		{91C9DB9A-22E7-431D-B4DE-B6805D4635F5}.Debug|Any CPU.ActiveCfg = Debug|Any CPU
		{91C9DB9A-22E7-431D-B4DE-B6805D4635F5}.Debug|Any CPU.Build.0 = Debug|Any CPU
		{91C9DB9A-22E7-431D-B4DE-B6805D4635F5}.Release|Any CPU.ActiveCfg = Release|Any CPU
		{91C9DB9A-22E7-431D-B4DE-B6805D4635F5}.Release|Any CPU.Build.0 = Release|Any CPU
	EndGlobalSection
	GlobalSection(SolutionProperties) = preSolution
		HideSolutionNode = FALSE
	EndGlobalSection
	GlobalSection(ExtensibilityGlobals) = postSolution
		SolutionGuid = {17CEADAE-DB32-4C77-A247-7A8B6455C426}
	EndGlobalSection
EndGlobal
