
Microsoft Visual Studio Solution File, Format Version 12.00
# Visual Studio Version 16
VisualStudioVersion = 16.0.29509.3
MinimumVisualStudioVersion = 10.0.40219.1
Project("{FAE04EC0-301F-11D3-BF4B-00C04F79EFBC}") = "OOP_LAB_14", "OOP_LAB_14.csproj", "{D1CB5B0B-484A-46B4-8174-3FB7637A5CF9}"
EndProject
Global
	GlobalSection(SolutionConfigurationPlatforms) = preSolution
		Debug|Any CPU = Debug|Any CPU
		Release|Any CPU = Release|Any CPU
	EndGlobalSection
	GlobalSection(ProjectConfigurationPlatforms) = postSolution
		{D1CB5B0B-484A-46B4-8174-3FB7637A5CF9}.Debug|Any CPU.ActiveCfg = Debug|Any CPU
		{D1CB5B0B-484A-46B4-8174-3FB7637A5CF9}.Debug|Any CPU.Build.0 = Debug|Any CPU
		{D1CB5B0B-484A-46B4-8174-3FB7637A5CF9}.Release|Any CPU.ActiveCfg = Release|Any CPU
		{D1CB5B0B-484A-46B4-8174-3FB7637A5CF9}.Release|Any CPU.Build.0 = Release|Any CPU
	EndGlobalSection
	GlobalSection(SolutionProperties) = preSolution
		HideSolutionNode = FALSE
	EndGlobalSection
	GlobalSection(ExtensibilityGlobals) = postSolution
		SolutionGuid = {41485056-9920-45BE-9953-D2EABBA82AE9}
	EndGlobalSection
EndGlobal
