
Microsoft Visual Studio Solution File, Format Version 12.00
# Visual Studio Version 16
VisualStudioVersion = 16.0.29509.3
MinimumVisualStudioVersion = 10.0.40219.1
Project("{FAE04EC0-301F-11D3-BF4B-00C04F79EFBC}") = "OOP_LAB_12", "OOP_LAB_12.csproj", "{C7542922-816E-4813-BBF1-B19D5A309D85}"
EndProject
Global
	GlobalSection(SolutionConfigurationPlatforms) = preSolution
		Debug|Any CPU = Debug|Any CPU
		Release|Any CPU = Release|Any CPU
	EndGlobalSection
	GlobalSection(ProjectConfigurationPlatforms) = postSolution
		{C7542922-816E-4813-BBF1-B19D5A309D85}.Debug|Any CPU.ActiveCfg = Debug|Any CPU
		{C7542922-816E-4813-BBF1-B19D5A309D85}.Debug|Any CPU.Build.0 = Debug|Any CPU
		{C7542922-816E-4813-BBF1-B19D5A309D85}.Release|Any CPU.ActiveCfg = Release|Any CPU
		{C7542922-816E-4813-BBF1-B19D5A309D85}.Release|Any CPU.Build.0 = Release|Any CPU
	EndGlobalSection
	GlobalSection(SolutionProperties) = preSolution
		HideSolutionNode = FALSE
	EndGlobalSection
	GlobalSection(ExtensibilityGlobals) = postSolution
		SolutionGuid = {C0272458-986D-4EBC-A23E-DDBE6E0F52B1}
	EndGlobalSection
EndGlobal
