
Microsoft Visual Studio Solution File, Format Version 12.00
# Visual Studio Version 16
VisualStudioVersion = 16.0.29319.158
MinimumVisualStudioVersion = 10.0.40219.1
Project("{FAE04EC0-301F-11D3-BF4B-00C04F79EFBC}") = "OOP_LAB_3_4", "OOP_LAB_3_4.csproj", "{492170CF-BAB3-4D0A-9AB7-525A52688115}"
EndProject
Global
	GlobalSection(SolutionConfigurationPlatforms) = preSolution
		Debug|Any CPU = Debug|Any CPU
		Release|Any CPU = Release|Any CPU
	EndGlobalSection
	GlobalSection(ProjectConfigurationPlatforms) = postSolution
		{492170CF-BAB3-4D0A-9AB7-525A52688115}.Debug|Any CPU.ActiveCfg = Debug|Any CPU
		{492170CF-BAB3-4D0A-9AB7-525A52688115}.Debug|Any CPU.Build.0 = Debug|Any CPU
		{492170CF-BAB3-4D0A-9AB7-525A52688115}.Release|Any CPU.ActiveCfg = Release|Any CPU
		{492170CF-BAB3-4D0A-9AB7-525A52688115}.Release|Any CPU.Build.0 = Release|Any CPU
	EndGlobalSection
	GlobalSection(SolutionProperties) = preSolution
		HideSolutionNode = FALSE
	EndGlobalSection
	GlobalSection(ExtensibilityGlobals) = postSolution
		SolutionGuid = {A6815AE8-406A-499E-A695-AD1DE0660005}
	EndGlobalSection
EndGlobal
